
Microsoft Visual Studio Solution File, Format Version 12.00
# Visual Studio Version 17
VisualStudioVersion = 17.5.33312.197
MinimumVisualStudioVersion = 10.0.40219.1
Project("{9A19103F-16F7-4668-BE54-9A1E7A4F7556}") = "DeltaEngineCamerasSolidKata", "DeltaEngineCamerasSolidKata.csproj", "{09F5B1E0-96BA-4739-9174-2599270B584E}"
EndProject
Project("{FAE04EC0-301F-11D3-BF4B-00C04F79EFBC}") = "DeltaEngineCamerasSolidKata.Tests", "..\DeltaEngineCamerasSolidKata.Tests\DeltaEngineCamerasSolidKata.Tests.csproj", "{DE8ECCEA-70FF-40F5-B631-370AD176FEF4}"
EndProject
Global
	GlobalSection(SolutionConfigurationPlatforms) = preSolution
		Debug|Any CPU = Debug|Any CPU
		Release|Any CPU = Release|Any CPU
	EndGlobalSection
	GlobalSection(ProjectConfigurationPlatforms) = postSolution
		{09F5B1E0-96BA-4739-9174-2599270B584E}.Debug|Any CPU.ActiveCfg = Debug|Any CPU
		{09F5B1E0-96BA-4739-9174-2599270B584E}.Debug|Any CPU.Build.0 = Debug|Any CPU
		{09F5B1E0-96BA-4739-9174-2599270B584E}.Release|Any CPU.ActiveCfg = Release|Any CPU
		{09F5B1E0-96BA-4739-9174-2599270B584E}.Release|Any CPU.Build.0 = Release|Any CPU
		{DE8ECCEA-70FF-40F5-B631-370AD176FEF4}.Debug|Any CPU.ActiveCfg = Debug|Any CPU
		{DE8ECCEA-70FF-40F5-B631-370AD176FEF4}.Debug|Any CPU.Build.0 = Debug|Any CPU
		{DE8ECCEA-70FF-40F5-B631-370AD176FEF4}.Release|Any CPU.ActiveCfg = Release|Any CPU
		{DE8ECCEA-70FF-40F5-B631-370AD176FEF4}.Release|Any CPU.Build.0 = Release|Any CPU
	EndGlobalSection
	GlobalSection(SolutionProperties) = preSolution
		HideSolutionNode = FALSE
	EndGlobalSection
	GlobalSection(ExtensibilityGlobals) = postSolution
		SolutionGuid = {E9A4DAF9-90B2-400F-AC19-99B62856DEC6}
	EndGlobalSection
EndGlobal
